
Microsoft Visual Studio Solution File, Format Version 12.00
# Visual Studio Version 16
VisualStudioVersion = 16.0.31105.61
MinimumVisualStudioVersion = 10.0.40219.1
Project("{FAE04EC0-301F-11D3-BF4B-00C04F79EFBC}") = "SignalRhubApi", "SignalRhubApi\SignalRhubApi.csproj", "{309D6A16-7E74-471B-BD46-49E3FA4204F5}"
EndProject
Project("{FAE04EC0-301F-11D3-BF4B-00C04F79EFBC}") = "SignalRwebApp", "SignalRwebApp\SignalRwebApp.csproj", "{D1BF90C5-A3BF-4E66-A8DC-7CEA1DE2EC5D}"
EndProject
Global
	GlobalSection(SolutionConfigurationPlatforms) = preSolution
		Debug|Any CPU = Debug|Any CPU
		Release|Any CPU = Release|Any CPU
	EndGlobalSection
	GlobalSection(ProjectConfigurationPlatforms) = postSolution
		{309D6A16-7E74-471B-BD46-49E3FA4204F5}.Debug|Any CPU.ActiveCfg = Debug|Any CPU
		{309D6A16-7E74-471B-BD46-49E3FA4204F5}.Debug|Any CPU.Build.0 = Debug|Any CPU
		{309D6A16-7E74-471B-BD46-49E3FA4204F5}.Release|Any CPU.ActiveCfg = Release|Any CPU
		{309D6A16-7E74-471B-BD46-49E3FA4204F5}.Release|Any CPU.Build.0 = Release|Any CPU
		{D1BF90C5-A3BF-4E66-A8DC-7CEA1DE2EC5D}.Debug|Any CPU.ActiveCfg = Debug|Any CPU
		{D1BF90C5-A3BF-4E66-A8DC-7CEA1DE2EC5D}.Debug|Any CPU.Build.0 = Debug|Any CPU
		{D1BF90C5-A3BF-4E66-A8DC-7CEA1DE2EC5D}.Release|Any CPU.ActiveCfg = Release|Any CPU
		{D1BF90C5-A3BF-4E66-A8DC-7CEA1DE2EC5D}.Release|Any CPU.Build.0 = Release|Any CPU
	EndGlobalSection
	GlobalSection(SolutionProperties) = preSolution
		HideSolutionNode = FALSE
	EndGlobalSection
	GlobalSection(ExtensibilityGlobals) = postSolution
		SolutionGuid = {89A7804E-8994-4F76-8AA8-2A638EDAEA62}
	EndGlobalSection
EndGlobal
